
Microsoft Visual Studio Solution File, Format Version 12.00
# Visual Studio 15
VisualStudioVersion = 15.0.27703.2018
MinimumVisualStudioVersion = 10.0.40219.1
Project("{FAE04EC0-301F-11D3-BF4B-00C04F79EFBC}") = "SetsSample.UWP", "SetsSample.UWP\SetsSample.UWP.csproj", "{6274FD29-066A-4EAE-9C8B-D560372747D6}"
EndProject
Project("{FAE04EC0-301F-11D3-BF4B-00C04F79EFBC}") = "SetsSample.WPF", "SetsSample.WPF\SetsSample.WPF.csproj", "{BE29CF39-6DD7-4356-9914-94123A1BBEA9}"
EndProject
Project("{FAE04EC0-301F-11D3-BF4B-00C04F79EFBC}") = "DwmGetUnmetTabRequirements", "DwmGetUnmetTabRequirements\DwmGetUnmetTabRequirements.csproj", "{CD65E26F-4831-49D8-9FBA-50E5194D20E5}"
EndProject
Project("{8BC9CEB8-8B4A-11D0-8D11-00A0C91BC942}") = "SetsSample.Win32", "SetsSample.Win32\SetsSample.Win32.vcxproj", "{26D68D24-D71C-4891-8F5B-B6EC91AA9201}"
EndProject
Global
	GlobalSection(SolutionConfigurationPlatforms) = preSolution
		Debug|Any CPU = Debug|Any CPU
		Debug|ARM = Debug|ARM
		Debug|x64 = Debug|x64
		Debug|x86 = Debug|x86
		Release|Any CPU = Release|Any CPU
		Release|ARM = Release|ARM
		Release|x64 = Release|x64
		Release|x86 = Release|x86
	EndGlobalSection
	GlobalSection(ProjectConfigurationPlatforms) = postSolution
		{6274FD29-066A-4EAE-9C8B-D560372747D6}.Debug|Any CPU.ActiveCfg = Debug|x86
		{6274FD29-066A-4EAE-9C8B-D560372747D6}.Debug|ARM.ActiveCfg = Debug|ARM
		{6274FD29-066A-4EAE-9C8B-D560372747D6}.Debug|ARM.Build.0 = Debug|ARM
		{6274FD29-066A-4EAE-9C8B-D560372747D6}.Debug|ARM.Deploy.0 = Debug|ARM
		{6274FD29-066A-4EAE-9C8B-D560372747D6}.Debug|x64.ActiveCfg = Debug|x64
		{6274FD29-066A-4EAE-9C8B-D560372747D6}.Debug|x64.Build.0 = Debug|x64
		{6274FD29-066A-4EAE-9C8B-D560372747D6}.Debug|x64.Deploy.0 = Debug|x64
		{6274FD29-066A-4EAE-9C8B-D560372747D6}.Debug|x86.ActiveCfg = Debug|x86
		{6274FD29-066A-4EAE-9C8B-D560372747D6}.Debug|x86.Build.0 = Debug|x86
		{6274FD29-066A-4EAE-9C8B-D560372747D6}.Debug|x86.Deploy.0 = Debug|x86
		{6274FD29-066A-4EAE-9C8B-D560372747D6}.Release|Any CPU.ActiveCfg = Release|x86
		{6274FD29-066A-4EAE-9C8B-D560372747D6}.Release|ARM.ActiveCfg = Release|ARM
		{6274FD29-066A-4EAE-9C8B-D560372747D6}.Release|ARM.Build.0 = Release|ARM
		{6274FD29-066A-4EAE-9C8B-D560372747D6}.Release|ARM.Deploy.0 = Release|ARM
		{6274FD29-066A-4EAE-9C8B-D560372747D6}.Release|x64.ActiveCfg = Release|x64
		{6274FD29-066A-4EAE-9C8B-D560372747D6}.Release|x64.Build.0 = Release|x64
		{6274FD29-066A-4EAE-9C8B-D560372747D6}.Release|x64.Deploy.0 = Release|x64
		{6274FD29-066A-4EAE-9C8B-D560372747D6}.Release|x86.ActiveCfg = Release|x86
		{6274FD29-066A-4EAE-9C8B-D560372747D6}.Release|x86.Build.0 = Release|x86
		{6274FD29-066A-4EAE-9C8B-D560372747D6}.Release|x86.Deploy.0 = Release|x86
		{BE29CF39-6DD7-4356-9914-94123A1BBEA9}.Debug|Any CPU.ActiveCfg = Debug|Any CPU
		{BE29CF39-6DD7-4356-9914-94123A1BBEA9}.Debug|Any CPU.Build.0 = Debug|Any CPU
		{BE29CF39-6DD7-4356-9914-94123A1BBEA9}.Debug|ARM.ActiveCfg = Debug|Any CPU
		{BE29CF39-6DD7-4356-9914-94123A1BBEA9}.Debug|ARM.Build.0 = Debug|Any CPU
		{BE29CF39-6DD7-4356-9914-94123A1BBEA9}.Debug|x64.ActiveCfg = Debug|Any CPU
		{BE29CF39-6DD7-4356-9914-94123A1BBEA9}.Debug|x64.Build.0 = Debug|Any CPU
		{BE29CF39-6DD7-4356-9914-94123A1BBEA9}.Debug|x86.ActiveCfg = Debug|Any CPU
		{BE29CF39-6DD7-4356-9914-94123A1BBEA9}.Debug|x86.Build.0 = Debug|Any CPU
		{BE29CF39-6DD7-4356-9914-94123A1BBEA9}.Release|Any CPU.ActiveCfg = Release|Any CPU
		{BE29CF39-6DD7-4356-9914-94123A1BBEA9}.Release|Any CPU.Build.0 = Release|Any CPU
		{BE29CF39-6DD7-4356-9914-94123A1BBEA9}.Release|ARM.ActiveCfg = Release|Any CPU
		{BE29CF39-6DD7-4356-9914-94123A1BBEA9}.Release|ARM.Build.0 = Release|Any CPU
		{BE29CF39-6DD7-4356-9914-94123A1BBEA9}.Release|x64.ActiveCfg = Release|Any CPU
		{BE29CF39-6DD7-4356-9914-94123A1BBEA9}.Release|x64.Build.0 = Release|Any CPU
		{BE29CF39-6DD7-4356-9914-94123A1BBEA9}.Release|x86.ActiveCfg = Release|Any CPU
		{BE29CF39-6DD7-4356-9914-94123A1BBEA9}.Release|x86.Build.0 = Release|Any CPU
		{CD65E26F-4831-49D8-9FBA-50E5194D20E5}.Debug|Any CPU.ActiveCfg = Debug|Any CPU
		{CD65E26F-4831-49D8-9FBA-50E5194D20E5}.Debug|Any CPU.Build.0 = Debug|Any CPU
		{CD65E26F-4831-49D8-9FBA-50E5194D20E5}.Debug|ARM.ActiveCfg = Debug|Any CPU
		{CD65E26F-4831-49D8-9FBA-50E5194D20E5}.Debug|ARM.Build.0 = Debug|Any CPU
		{CD65E26F-4831-49D8-9FBA-50E5194D20E5}.Debug|x64.ActiveCfg = Debug|Any CPU
		{CD65E26F-4831-49D8-9FBA-50E5194D20E5}.Debug|x64.Build.0 = Debug|Any CPU
		{CD65E26F-4831-49D8-9FBA-50E5194D20E5}.Debug|x86.ActiveCfg = Debug|Any CPU
		{CD65E26F-4831-49D8-9FBA-50E5194D20E5}.Debug|x86.Build.0 = Debug|Any CPU
		{CD65E26F-4831-49D8-9FBA-50E5194D20E5}.Release|Any CPU.ActiveCfg = Release|Any CPU
		{CD65E26F-4831-49D8-9FBA-50E5194D20E5}.Release|Any CPU.Build.0 = Release|Any CPU
		{CD65E26F-4831-49D8-9FBA-50E5194D20E5}.Release|ARM.ActiveCfg = Release|Any CPU
		{CD65E26F-4831-49D8-9FBA-50E5194D20E5}.Release|ARM.Build.0 = Release|Any CPU
		{CD65E26F-4831-49D8-9FBA-50E5194D20E5}.Release|x64.ActiveCfg = Release|Any CPU
		{CD65E26F-4831-49D8-9FBA-50E5194D20E5}.Release|x64.Build.0 = Release|Any CPU
		{CD65E26F-4831-49D8-9FBA-50E5194D20E5}.Release|x86.ActiveCfg = Release|Any CPU
		{CD65E26F-4831-49D8-9FBA-50E5194D20E5}.Release|x86.Build.0 = Release|Any CPU
		{26D68D24-D71C-4891-8F5B-B6EC91AA9201}.Debug|Any CPU.ActiveCfg = Debug|Win32
		{26D68D24-D71C-4891-8F5B-B6EC91AA9201}.Debug|ARM.ActiveCfg = Debug|Win32
		{26D68D24-D71C-4891-8F5B-B6EC91AA9201}.Debug|x64.ActiveCfg = Debug|x64
		{26D68D24-D71C-4891-8F5B-B6EC91AA9201}.Debug|x64.Build.0 = Debug|x64
		{26D68D24-D71C-4891-8F5B-B6EC91AA9201}.Debug|x86.ActiveCfg = Debug|Win32
		{26D68D24-D71C-4891-8F5B-B6EC91AA9201}.Debug|x86.Build.0 = Debug|Win32
		{26D68D24-D71C-4891-8F5B-B6EC91AA9201}.Release|Any CPU.ActiveCfg = Release|Win32
		{26D68D24-D71C-4891-8F5B-B6EC91AA9201}.Release|ARM.ActiveCfg = Release|Win32
		{26D68D24-D71C-4891-8F5B-B6EC91AA9201}.Release|x64.ActiveCfg = Release|x64
		{26D68D24-D71C-4891-8F5B-B6EC91AA9201}.Release|x64.Build.0 = Release|x64
		{26D68D24-D71C-4891-8F5B-B6EC91AA9201}.Release|x86.ActiveCfg = Release|Win32
		{26D68D24-D71C-4891-8F5B-B6EC91AA9201}.Release|x86.Build.0 = Release|Win32
	EndGlobalSection
	GlobalSection(SolutionProperties) = preSolution
		HideSolutionNode = FALSE
	EndGlobalSection
	GlobalSection(ExtensibilityGlobals) = postSolution
		SolutionGuid = {9996A6A0-FAA2-4901-A616-4EB0F78A565C}
	EndGlobalSection
EndGlobal
